
Microsoft Visual Studio Solution File, Format Version 12.00
# Visual Studio Version 16
VisualStudioVersion = 16.0.30517.126
MinimumVisualStudioVersion = 10.0.40219.1
Project("{2150E333-8FDC-42A3-9474-1A3956D46DE8}") = "src", "src", "{C1DACF61-626A-49D5-9D82-675F0C3EDEE0}"
EndProject
Project("{8BC9CEB8-8B4A-11D0-8D11-00A0C91BC942}") = "Engine.Dynamics", "src\Engine.Dynamics\Engine.Dynamics.vcxproj", "{B20D8744-9331-483C-9557-7C112A32D450}"
EndProject
Project("{8BC9CEB8-8B4A-11D0-8D11-00A0C91BC942}") = "Engine.Graph", "src\Engine.Graph\Engine.Graph.vcxproj", "{97228FFC-E243-4F9F-8101-6D8626189C4C}"
	ProjectSection(ProjectDependencies) = postProject
		{93C8C343-493B-4354-8D85-D1643B15F9D3} = {93C8C343-493B-4354-8D85-D1643B15F9D3}
		{B20D8744-9331-483C-9557-7C112A32D450} = {B20D8744-9331-483C-9557-7C112A32D450}
		{DFB8E56C-E5D3-4AE6-97F4-678F937B4B25} = {DFB8E56C-E5D3-4AE6-97F4-678F937B4B25}
	EndProjectSection
EndProject
Project("{8BC9CEB8-8B4A-11D0-8D11-00A0C91BC942}") = "Engine.Pneumatic", "src\Engine.Pneumatic\Engine.Pneumatic.vcxproj", "{93C8C343-493B-4354-8D85-D1643B15F9D3}"
EndProject
Project("{8BC9CEB8-8B4A-11D0-8D11-00A0C91BC942}") = "Engine.Tests", "src\Engine.Tests\Engine.Tests.vcxproj", "{15D6A86A-5230-4E09-9DA0-AEB72B4AAFD8}"
EndProject
Project("{9A19103F-16F7-4668-BE54-9A1E7A4F7556}") = "Engine.Demo.Infrastructure", "demo\Engine.Pneumatic.Demo\src\Engine.Pneumatic.Infrastructure\Engine.Demo.Infrastructure.csproj", "{252F9EAE-CCA2-4AF5-B632-E7FF3624178B}"
EndProject
Project("{8BC9CEB8-8B4A-11D0-8D11-00A0C91BC942}") = "Engine.Demo.Integration", "demo\Engine.Pneumatic.Demo\src\Engine.Pneumatic.Integration\Engine.Pneumatic.Integration.vcxproj", "{5269ACFC-A00F-42C6-B22B-0F0CBF6CF7B3}"
	ProjectSection(ProjectDependencies) = postProject
		{DFB8E56C-E5D3-4AE6-97F4-678F937B4B25} = {DFB8E56C-E5D3-4AE6-97F4-678F937B4B25}
	EndProjectSection
EndProject
Project("{FAE04EC0-301F-11D3-BF4B-00C04F79EFBC}") = "Engine.Demo.Shell", "demo\Engine.Pneumatic.Demo\src\Engine.Pneumatic.Shell\Engine.Demo.Shell.csproj", "{13955EFF-09F0-49F6-AE78-96246BB379D6}"
EndProject
Project("{2150E333-8FDC-42A3-9474-1A3956D46DE8}") = "demo", "demo", "{5D91F356-5247-4916-8A81-1D7E872C901D}"
EndProject
Project("{8BC9CEB8-8B4A-11D0-8D11-00A0C91BC942}") = "Engine.Electric", "src\Engine.Electric\Engine.Electric.vcxproj", "{DFB8E56C-E5D3-4AE6-97F4-678F937B4B25}"
EndProject
Project("{8BC9CEB8-8B4A-11D0-8D11-00A0C91BC942}") = "Engine.Example", "src\Engine.Example\Engine.Example.vcxproj", "{4BE68118-FF1B-45A0-B64D-EA8AD464A4FD}"
EndProject
Global
	GlobalSection(SolutionConfigurationPlatforms) = preSolution
		Debug|Any CPU = Debug|Any CPU
		Debug|x64 = Debug|x64
		Debug|x86 = Debug|x86
		Release|Any CPU = Release|Any CPU
		Release|x64 = Release|x64
		Release|x86 = Release|x86
	EndGlobalSection
	GlobalSection(ProjectConfigurationPlatforms) = postSolution
		{B20D8744-9331-483C-9557-7C112A32D450}.Debug|Any CPU.ActiveCfg = Debug|Win32
		{B20D8744-9331-483C-9557-7C112A32D450}.Debug|x64.ActiveCfg = Debug|x64
		{B20D8744-9331-483C-9557-7C112A32D450}.Debug|x64.Build.0 = Debug|x64
		{B20D8744-9331-483C-9557-7C112A32D450}.Debug|x86.ActiveCfg = Debug|Win32
		{B20D8744-9331-483C-9557-7C112A32D450}.Debug|x86.Build.0 = Debug|Win32
		{B20D8744-9331-483C-9557-7C112A32D450}.Release|Any CPU.ActiveCfg = Release|Win32
		{B20D8744-9331-483C-9557-7C112A32D450}.Release|x64.ActiveCfg = Release|x64
		{B20D8744-9331-483C-9557-7C112A32D450}.Release|x64.Build.0 = Release|x64
		{B20D8744-9331-483C-9557-7C112A32D450}.Release|x86.ActiveCfg = Release|Win32
		{B20D8744-9331-483C-9557-7C112A32D450}.Release|x86.Build.0 = Release|Win32
		{97228FFC-E243-4F9F-8101-6D8626189C4C}.Debug|Any CPU.ActiveCfg = Debug|Win32
		{97228FFC-E243-4F9F-8101-6D8626189C4C}.Debug|x64.ActiveCfg = Debug|x64
		{97228FFC-E243-4F9F-8101-6D8626189C4C}.Debug|x64.Build.0 = Debug|x64
		{97228FFC-E243-4F9F-8101-6D8626189C4C}.Debug|x86.ActiveCfg = Debug|Win32
		{97228FFC-E243-4F9F-8101-6D8626189C4C}.Debug|x86.Build.0 = Debug|Win32
		{97228FFC-E243-4F9F-8101-6D8626189C4C}.Release|Any CPU.ActiveCfg = Release|Win32
		{97228FFC-E243-4F9F-8101-6D8626189C4C}.Release|x64.ActiveCfg = Release|x64
		{97228FFC-E243-4F9F-8101-6D8626189C4C}.Release|x64.Build.0 = Release|x64
		{97228FFC-E243-4F9F-8101-6D8626189C4C}.Release|x86.ActiveCfg = Release|Win32
		{97228FFC-E243-4F9F-8101-6D8626189C4C}.Release|x86.Build.0 = Release|Win32
		{93C8C343-493B-4354-8D85-D1643B15F9D3}.Debug|Any CPU.ActiveCfg = Debug|Win32
		{93C8C343-493B-4354-8D85-D1643B15F9D3}.Debug|x64.ActiveCfg = Debug|x64
		{93C8C343-493B-4354-8D85-D1643B15F9D3}.Debug|x64.Build.0 = Debug|x64
		{93C8C343-493B-4354-8D85-D1643B15F9D3}.Debug|x86.ActiveCfg = Debug|Win32
		{93C8C343-493B-4354-8D85-D1643B15F9D3}.Debug|x86.Build.0 = Debug|Win32
		{93C8C343-493B-4354-8D85-D1643B15F9D3}.Release|Any CPU.ActiveCfg = Release|Win32
		{93C8C343-493B-4354-8D85-D1643B15F9D3}.Release|x64.ActiveCfg = Release|x64
		{93C8C343-493B-4354-8D85-D1643B15F9D3}.Release|x64.Build.0 = Release|x64
		{93C8C343-493B-4354-8D85-D1643B15F9D3}.Release|x86.ActiveCfg = Release|Win32
		{93C8C343-493B-4354-8D85-D1643B15F9D3}.Release|x86.Build.0 = Release|Win32
		{15D6A86A-5230-4E09-9DA0-AEB72B4AAFD8}.Debug|Any CPU.ActiveCfg = Debug|Win32
		{15D6A86A-5230-4E09-9DA0-AEB72B4AAFD8}.Debug|x64.ActiveCfg = Debug|x64
		{15D6A86A-5230-4E09-9DA0-AEB72B4AAFD8}.Debug|x64.Build.0 = Debug|x64
		{15D6A86A-5230-4E09-9DA0-AEB72B4AAFD8}.Debug|x86.ActiveCfg = Debug|Win32
		{15D6A86A-5230-4E09-9DA0-AEB72B4AAFD8}.Debug|x86.Build.0 = Debug|Win32
		{15D6A86A-5230-4E09-9DA0-AEB72B4AAFD8}.Release|Any CPU.ActiveCfg = Release|Win32
		{15D6A86A-5230-4E09-9DA0-AEB72B4AAFD8}.Release|x64.ActiveCfg = Release|x64
		{15D6A86A-5230-4E09-9DA0-AEB72B4AAFD8}.Release|x64.Build.0 = Release|x64
		{15D6A86A-5230-4E09-9DA0-AEB72B4AAFD8}.Release|x86.ActiveCfg = Release|Win32
		{15D6A86A-5230-4E09-9DA0-AEB72B4AAFD8}.Release|x86.Build.0 = Release|Win32
		{252F9EAE-CCA2-4AF5-B632-E7FF3624178B}.Debug|Any CPU.ActiveCfg = Debug|Any CPU
		{252F9EAE-CCA2-4AF5-B632-E7FF3624178B}.Debug|Any CPU.Build.0 = Debug|Any CPU
		{252F9EAE-CCA2-4AF5-B632-E7FF3624178B}.Debug|x64.ActiveCfg = Debug|Any CPU
		{252F9EAE-CCA2-4AF5-B632-E7FF3624178B}.Debug|x64.Build.0 = Debug|Any CPU
		{252F9EAE-CCA2-4AF5-B632-E7FF3624178B}.Debug|x86.ActiveCfg = Debug|Any CPU
		{252F9EAE-CCA2-4AF5-B632-E7FF3624178B}.Debug|x86.Build.0 = Debug|Any CPU
		{252F9EAE-CCA2-4AF5-B632-E7FF3624178B}.Release|Any CPU.ActiveCfg = Release|Any CPU
		{252F9EAE-CCA2-4AF5-B632-E7FF3624178B}.Release|Any CPU.Build.0 = Release|Any CPU
		{252F9EAE-CCA2-4AF5-B632-E7FF3624178B}.Release|x64.ActiveCfg = Release|Any CPU
		{252F9EAE-CCA2-4AF5-B632-E7FF3624178B}.Release|x64.Build.0 = Release|Any CPU
		{252F9EAE-CCA2-4AF5-B632-E7FF3624178B}.Release|x86.ActiveCfg = Release|Any CPU
		{252F9EAE-CCA2-4AF5-B632-E7FF3624178B}.Release|x86.Build.0 = Release|Any CPU
		{5269ACFC-A00F-42C6-B22B-0F0CBF6CF7B3}.Debug|Any CPU.ActiveCfg = Debug|Win32
		{5269ACFC-A00F-42C6-B22B-0F0CBF6CF7B3}.Debug|x64.ActiveCfg = Debug|x64
		{5269ACFC-A00F-42C6-B22B-0F0CBF6CF7B3}.Debug|x64.Build.0 = Debug|x64
		{5269ACFC-A00F-42C6-B22B-0F0CBF6CF7B3}.Debug|x86.ActiveCfg = Debug|Win32
		{5269ACFC-A00F-42C6-B22B-0F0CBF6CF7B3}.Debug|x86.Build.0 = Debug|Win32
		{5269ACFC-A00F-42C6-B22B-0F0CBF6CF7B3}.Release|Any CPU.ActiveCfg = Release|Win32
		{5269ACFC-A00F-42C6-B22B-0F0CBF6CF7B3}.Release|x64.ActiveCfg = Release|x64
		{5269ACFC-A00F-42C6-B22B-0F0CBF6CF7B3}.Release|x64.Build.0 = Release|x64
		{5269ACFC-A00F-42C6-B22B-0F0CBF6CF7B3}.Release|x86.ActiveCfg = Release|Win32
		{5269ACFC-A00F-42C6-B22B-0F0CBF6CF7B3}.Release|x86.Build.0 = Release|Win32
		{13955EFF-09F0-49F6-AE78-96246BB379D6}.Debug|Any CPU.ActiveCfg = Debug|Any CPU
		{13955EFF-09F0-49F6-AE78-96246BB379D6}.Debug|Any CPU.Build.0 = Debug|Any CPU
		{13955EFF-09F0-49F6-AE78-96246BB379D6}.Debug|x64.ActiveCfg = Debug|Any CPU
		{13955EFF-09F0-49F6-AE78-96246BB379D6}.Debug|x64.Build.0 = Debug|Any CPU
		{13955EFF-09F0-49F6-AE78-96246BB379D6}.Debug|x86.ActiveCfg = Debug|Any CPU
		{13955EFF-09F0-49F6-AE78-96246BB379D6}.Debug|x86.Build.0 = Debug|Any CPU
		{13955EFF-09F0-49F6-AE78-96246BB379D6}.Release|Any CPU.ActiveCfg = Release|Any CPU
		{13955EFF-09F0-49F6-AE78-96246BB379D6}.Release|Any CPU.Build.0 = Release|Any CPU
		{13955EFF-09F0-49F6-AE78-96246BB379D6}.Release|x64.ActiveCfg = Release|Any CPU
		{13955EFF-09F0-49F6-AE78-96246BB379D6}.Release|x64.Build.0 = Release|Any CPU
		{13955EFF-09F0-49F6-AE78-96246BB379D6}.Release|x86.ActiveCfg = Release|Any CPU
		{13955EFF-09F0-49F6-AE78-96246BB379D6}.Release|x86.Build.0 = Release|Any CPU
		{DFB8E56C-E5D3-4AE6-97F4-678F937B4B25}.Debug|Any CPU.ActiveCfg = Debug|Win32
		{DFB8E56C-E5D3-4AE6-97F4-678F937B4B25}.Debug|x64.ActiveCfg = Debug|x64
		{DFB8E56C-E5D3-4AE6-97F4-678F937B4B25}.Debug|x64.Build.0 = Debug|x64
		{DFB8E56C-E5D3-4AE6-97F4-678F937B4B25}.Debug|x86.ActiveCfg = Debug|Win32
		{DFB8E56C-E5D3-4AE6-97F4-678F937B4B25}.Debug|x86.Build.0 = Debug|Win32
		{DFB8E56C-E5D3-4AE6-97F4-678F937B4B25}.Release|Any CPU.ActiveCfg = Release|Win32
		{DFB8E56C-E5D3-4AE6-97F4-678F937B4B25}.Release|x64.ActiveCfg = Release|x64
		{DFB8E56C-E5D3-4AE6-97F4-678F937B4B25}.Release|x64.Build.0 = Release|x64
		{DFB8E56C-E5D3-4AE6-97F4-678F937B4B25}.Release|x86.ActiveCfg = Release|Win32
		{DFB8E56C-E5D3-4AE6-97F4-678F937B4B25}.Release|x86.Build.0 = Release|Win32
		{4BE68118-FF1B-45A0-B64D-EA8AD464A4FD}.Debug|Any CPU.ActiveCfg = Debug|Win32
		{4BE68118-FF1B-45A0-B64D-EA8AD464A4FD}.Debug|x64.ActiveCfg = Debug|x64
		{4BE68118-FF1B-45A0-B64D-EA8AD464A4FD}.Debug|x64.Build.0 = Debug|x64
		{4BE68118-FF1B-45A0-B64D-EA8AD464A4FD}.Debug|x86.ActiveCfg = Debug|Win32
		{4BE68118-FF1B-45A0-B64D-EA8AD464A4FD}.Debug|x86.Build.0 = Debug|Win32
		{4BE68118-FF1B-45A0-B64D-EA8AD464A4FD}.Release|Any CPU.ActiveCfg = Release|Win32
		{4BE68118-FF1B-45A0-B64D-EA8AD464A4FD}.Release|x64.ActiveCfg = Release|x64
		{4BE68118-FF1B-45A0-B64D-EA8AD464A4FD}.Release|x64.Build.0 = Release|x64
		{4BE68118-FF1B-45A0-B64D-EA8AD464A4FD}.Release|x86.ActiveCfg = Release|Win32
		{4BE68118-FF1B-45A0-B64D-EA8AD464A4FD}.Release|x86.Build.0 = Release|Win32
	EndGlobalSection
	GlobalSection(SolutionProperties) = preSolution
		HideSolutionNode = FALSE
	EndGlobalSection
	GlobalSection(NestedProjects) = preSolution
		{B20D8744-9331-483C-9557-7C112A32D450} = {C1DACF61-626A-49D5-9D82-675F0C3EDEE0}
		{97228FFC-E243-4F9F-8101-6D8626189C4C} = {C1DACF61-626A-49D5-9D82-675F0C3EDEE0}
		{93C8C343-493B-4354-8D85-D1643B15F9D3} = {C1DACF61-626A-49D5-9D82-675F0C3EDEE0}
		{15D6A86A-5230-4E09-9DA0-AEB72B4AAFD8} = {C1DACF61-626A-49D5-9D82-675F0C3EDEE0}
		{252F9EAE-CCA2-4AF5-B632-E7FF3624178B} = {5D91F356-5247-4916-8A81-1D7E872C901D}
		{5269ACFC-A00F-42C6-B22B-0F0CBF6CF7B3} = {5D91F356-5247-4916-8A81-1D7E872C901D}
		{13955EFF-09F0-49F6-AE78-96246BB379D6} = {5D91F356-5247-4916-8A81-1D7E872C901D}
		{DFB8E56C-E5D3-4AE6-97F4-678F937B4B25} = {C1DACF61-626A-49D5-9D82-675F0C3EDEE0}
		{4BE68118-FF1B-45A0-B64D-EA8AD464A4FD} = {C1DACF61-626A-49D5-9D82-675F0C3EDEE0}
	EndGlobalSection
	GlobalSection(ExtensibilityGlobals) = postSolution
		SolutionGuid = {6C0FE46A-FD03-46B0-962E-6AC56C47F222}
	EndGlobalSection
EndGlobal
