
Microsoft Visual Studio Solution File, Format Version 12.00
# Visual Studio Version 16
VisualStudioVersion = 16.0.30621.155
MinimumVisualStudioVersion = 10.0.40219.1
Project("{FAE04EC0-301F-11D3-BF4B-00C04F79EFBC}") = "Engine.Pneumatic.Shell", "src\Engine.Pneumatic.Shell\Engine.Pneumatic.Shell.csproj", "{13955EFF-09F0-49F6-AE78-96246BB379D6}"
EndProject
Project("{9A19103F-16F7-4668-BE54-9A1E7A4F7556}") = "Engine.Pneumatic.Infrastructure", "src\Engine.Pneumatic.Infrastructure\Engine.Pneumatic.Infrastructure.csproj", "{477A99AC-E160-4F19-9752-D6AE93792E20}"
EndProject
Project("{8BC9CEB8-8B4A-11D0-8D11-00A0C91BC942}") = "Engine.Pneumatic.Integration", "src\Engine.Pneumatic.Integration\Engine.Pneumatic.Integration.vcxproj", "{5269ACFC-A00F-42C6-B22B-0F0CBF6CF7B3}"
EndProject
Global
	GlobalSection(SolutionConfigurationPlatforms) = preSolution
		Debug|Any CPU = Debug|Any CPU
		Debug|x64 = Debug|x64
		Debug|x86 = Debug|x86
		Release|Any CPU = Release|Any CPU
		Release|x64 = Release|x64
		Release|x86 = Release|x86
	EndGlobalSection
	GlobalSection(ProjectConfigurationPlatforms) = postSolution
		{13955EFF-09F0-49F6-AE78-96246BB379D6}.Debug|Any CPU.ActiveCfg = Debug|Any CPU
		{13955EFF-09F0-49F6-AE78-96246BB379D6}.Debug|Any CPU.Build.0 = Debug|Any CPU
		{13955EFF-09F0-49F6-AE78-96246BB379D6}.Debug|x64.ActiveCfg = Debug|Any CPU
		{13955EFF-09F0-49F6-AE78-96246BB379D6}.Debug|x64.Build.0 = Debug|Any CPU
		{13955EFF-09F0-49F6-AE78-96246BB379D6}.Debug|x86.ActiveCfg = Debug|Any CPU
		{13955EFF-09F0-49F6-AE78-96246BB379D6}.Debug|x86.Build.0 = Debug|Any CPU
		{13955EFF-09F0-49F6-AE78-96246BB379D6}.Release|Any CPU.ActiveCfg = Release|Any CPU
		{13955EFF-09F0-49F6-AE78-96246BB379D6}.Release|Any CPU.Build.0 = Release|Any CPU
		{13955EFF-09F0-49F6-AE78-96246BB379D6}.Release|x64.ActiveCfg = Release|Any CPU
		{13955EFF-09F0-49F6-AE78-96246BB379D6}.Release|x64.Build.0 = Release|Any CPU
		{13955EFF-09F0-49F6-AE78-96246BB379D6}.Release|x86.ActiveCfg = Release|Any CPU
		{13955EFF-09F0-49F6-AE78-96246BB379D6}.Release|x86.Build.0 = Release|Any CPU
		{477A99AC-E160-4F19-9752-D6AE93792E20}.Debug|Any CPU.ActiveCfg = Debug|Any CPU
		{477A99AC-E160-4F19-9752-D6AE93792E20}.Debug|Any CPU.Build.0 = Debug|Any CPU
		{477A99AC-E160-4F19-9752-D6AE93792E20}.Debug|x64.ActiveCfg = Debug|Any CPU
		{477A99AC-E160-4F19-9752-D6AE93792E20}.Debug|x64.Build.0 = Debug|Any CPU
		{477A99AC-E160-4F19-9752-D6AE93792E20}.Debug|x86.ActiveCfg = Debug|Any CPU
		{477A99AC-E160-4F19-9752-D6AE93792E20}.Debug|x86.Build.0 = Debug|Any CPU
		{477A99AC-E160-4F19-9752-D6AE93792E20}.Release|Any CPU.ActiveCfg = Release|Any CPU
		{477A99AC-E160-4F19-9752-D6AE93792E20}.Release|Any CPU.Build.0 = Release|Any CPU
		{477A99AC-E160-4F19-9752-D6AE93792E20}.Release|x64.ActiveCfg = Release|Any CPU
		{477A99AC-E160-4F19-9752-D6AE93792E20}.Release|x64.Build.0 = Release|Any CPU
		{477A99AC-E160-4F19-9752-D6AE93792E20}.Release|x86.ActiveCfg = Release|Any CPU
		{477A99AC-E160-4F19-9752-D6AE93792E20}.Release|x86.Build.0 = Release|Any CPU
		{5269ACFC-A00F-42C6-B22B-0F0CBF6CF7B3}.Debug|Any CPU.ActiveCfg = Debug|Win32
		{5269ACFC-A00F-42C6-B22B-0F0CBF6CF7B3}.Debug|x64.ActiveCfg = Debug|x64
		{5269ACFC-A00F-42C6-B22B-0F0CBF6CF7B3}.Debug|x64.Build.0 = Debug|x64
		{5269ACFC-A00F-42C6-B22B-0F0CBF6CF7B3}.Debug|x86.ActiveCfg = Debug|Win32
		{5269ACFC-A00F-42C6-B22B-0F0CBF6CF7B3}.Debug|x86.Build.0 = Debug|Win32
		{5269ACFC-A00F-42C6-B22B-0F0CBF6CF7B3}.Release|Any CPU.ActiveCfg = Release|Win32
		{5269ACFC-A00F-42C6-B22B-0F0CBF6CF7B3}.Release|x64.ActiveCfg = Release|x64
		{5269ACFC-A00F-42C6-B22B-0F0CBF6CF7B3}.Release|x64.Build.0 = Release|x64
		{5269ACFC-A00F-42C6-B22B-0F0CBF6CF7B3}.Release|x86.ActiveCfg = Release|Win32
		{5269ACFC-A00F-42C6-B22B-0F0CBF6CF7B3}.Release|x86.Build.0 = Release|Win32
	EndGlobalSection
	GlobalSection(SolutionProperties) = preSolution
		HideSolutionNode = FALSE
	EndGlobalSection
	GlobalSection(ExtensibilityGlobals) = postSolution
		SolutionGuid = {DCBE164F-CE52-4D7D-A519-95D346BC90EE}
	EndGlobalSection
EndGlobal
